// !$*UTF8*$!
{
	archiveVersion = 1;
	classes = {
	};
	objectVersion = 51;
	objects = {

/* Begin PBXBuildFile section */
		1E673F240EDA6593513823AF /* Pods_Test_4_1UITests.framework in Frameworks */ = {isa = PBXBuildFile; fileRef = 3C669913626BE0216FEB554C /* Pods_Test_4_1UITests.framework */; };
		27136E7B428022B7CD066B81 /* Pods_Test_4_1Tests.framework in Frameworks */ = {isa = PBXBuildFile; fileRef = 68FAADFA11C1C958F8EBA1F0 /* Pods_Test_4_1Tests.framework */; };
		53B49475A5271F536806B3E6 /* Pods_Test_4_1.framework in Frameworks */ = {isa = PBXBuildFile; fileRef = C0DF396B7C07A65E479B289A /* Pods_Test_4_1.framework */; };
		86AF9D742314F5B60062A59E /* AppDelegate.swift in Sources */ = {isa = PBXBuildFile; fileRef = 86AF9D732314F5B60062A59E /* AppDelegate.swift */; };
		86AF9D762314F5B60062A59E /* ViewController.swift in Sources */ = {isa = PBXBuildFile; fileRef = 86AF9D752314F5B60062A59E /* ViewController.swift */; };
		86AF9D792314F5B60062A59E /* Main.storyboard in Resources */ = {isa = PBXBuildFile; fileRef = 86AF9D772314F5B60062A59E /* Main.storyboard */; };
		86AF9D7B2314F5B60062A59E /* Assets.xcassets in Resources */ = {isa = PBXBuildFile; fileRef = 86AF9D7A2314F5B60062A59E /* Assets.xcassets */; };
		86AF9D7E2314F5B60062A59E /* LaunchScreen.storyboard in Resources */ = {isa = PBXBuildFile; fileRef = 86AF9D7C2314F5B60062A59E /* LaunchScreen.storyboard */; };
		86AF9D892314F5B70062A59E /* Test_4_1Tests.swift in Sources */ = {isa = PBXBuildFile; fileRef = 86AF9D882314F5B70062A59E /* Test_4_1Tests.swift */; };
		86AF9D942314F5B70062A59E /* Test_4_1UITests.swift in Sources */ = {isa = PBXBuildFile; fileRef = 86AF9D932314F5B70062A59E /* Test_4_1UITests.swift */; };
		86AF9DA32314F63D0062A59E /* TopViewController.swift in Sources */ = {isa = PBXBuildFile; fileRef = 86AF9DA12314F63D0062A59E /* TopViewController.swift */; };
		86AF9DA42314F63D0062A59E /* TopViewController.xib in Resources */ = {isa = PBXBuildFile; fileRef = 86AF9DA22314F63D0062A59E /* TopViewController.xib */; };
		86AF9DA72314F66E0062A59E /* TopMainView.swift in Sources */ = {isa = PBXBuildFile; fileRef = 86AF9DA52314F66E0062A59E /* TopMainView.swift */; };
		86AF9DA82314F66E0062A59E /* TopMainView.xib in Resources */ = {isa = PBXBuildFile; fileRef = 86AF9DA62314F66E0062A59E /* TopMainView.xib */; };
		86AF9DAB2314F6F00062A59E /* TopMainTableViewCell.swift in Sources */ = {isa = PBXBuildFile; fileRef = 86AF9DA92314F6F00062A59E /* TopMainTableViewCell.swift */; };
		86AF9DAC2314F6F00062A59E /* TopMainTableViewCell.xib in Resources */ = {isa = PBXBuildFile; fileRef = 86AF9DAA2314F6F00062A59E /* TopMainTableViewCell.xib */; };
/* End PBXBuildFile section */

/* Begin PBXContainerItemProxy section */
		86AF9D852314F5B70062A59E /* PBXContainerItemProxy */ = {
			isa = PBXContainerItemProxy;
			containerPortal = 86AF9D682314F5B50062A59E /* Project object */;
			proxyType = 1;
			remoteGlobalIDString = 86AF9D6F2314F5B60062A59E;
			remoteInfo = "Test-4-1";
		};
		86AF9D902314F5B70062A59E /* PBXContainerItemProxy */ = {
			isa = PBXContainerItemProxy;
			containerPortal = 86AF9D682314F5B50062A59E /* Project object */;
			proxyType = 1;
			remoteGlobalIDString = 86AF9D6F2314F5B60062A59E;
			remoteInfo = "Test-4-1";
		};
/* End PBXContainerItemProxy section */

/* Begin PBXFileReference section */
		0EED40664DD64F791E8D4A26 /* Pods-Test-4-1Tests.release.xcconfig */ = {isa = PBXFileReference; includeInIndex = 1; lastKnownFileType = text.xcconfig; name = "Pods-Test-4-1Tests.release.xcconfig"; path = "Target Support Files/Pods-Test-4-1Tests/Pods-Test-4-1Tests.release.xcconfig"; sourceTree = "<group>"; };
		3C669913626BE0216FEB554C /* Pods_Test_4_1UITests.framework */ = {isa = PBXFileReference; explicitFileType = wrapper.framework; includeInIndex = 0; path = Pods_Test_4_1UITests.framework; sourceTree = BUILT_PRODUCTS_DIR; };
		59DDBEE2BA771535736099C5 /* Pods-Test-4-1UITests.debug.xcconfig */ = {isa = PBXFileReference; includeInIndex = 1; lastKnownFileType = text.xcconfig; name = "Pods-Test-4-1UITests.debug.xcconfig"; path = "Target Support Files/Pods-Test-4-1UITests/Pods-Test-4-1UITests.debug.xcconfig"; sourceTree = "<group>"; };
		5AF7904F4AB298B96116CF2B /* Pods-Test-4-1UITests.release.xcconfig */ = {isa = PBXFileReference; includeInIndex = 1; lastKnownFileType = text.xcconfig; name = "Pods-Test-4-1UITests.release.xcconfig"; path = "Target Support Files/Pods-Test-4-1UITests/Pods-Test-4-1UITests.release.xcconfig"; sourceTree = "<group>"; };
		68FAADFA11C1C958F8EBA1F0 /* Pods_Test_4_1Tests.framework */ = {isa = PBXFileReference; explicitFileType = wrapper.framework; includeInIndex = 0; path = Pods_Test_4_1Tests.framework; sourceTree = BUILT_PRODUCTS_DIR; };
		6905AEA0A8612A6EAD65116C /* Pods-Test-4-1.debug.xcconfig */ = {isa = PBXFileReference; includeInIndex = 1; lastKnownFileType = text.xcconfig; name = "Pods-Test-4-1.debug.xcconfig"; path = "Target Support Files/Pods-Test-4-1/Pods-Test-4-1.debug.xcconfig"; sourceTree = "<group>"; };
		775BC37552C5B478ABC9B97B /* Pods-Test-4-1Tests.debug.xcconfig */ = {isa = PBXFileReference; includeInIndex = 1; lastKnownFileType = text.xcconfig; name = "Pods-Test-4-1Tests.debug.xcconfig"; path = "Target Support Files/Pods-Test-4-1Tests/Pods-Test-4-1Tests.debug.xcconfig"; sourceTree = "<group>"; };
		86AF9D702314F5B60062A59E /* Test-4-1.app */ = {isa = PBXFileReference; explicitFileType = wrapper.application; includeInIndex = 0; path = "Test-4-1.app"; sourceTree = BUILT_PRODUCTS_DIR; };
		86AF9D732314F5B60062A59E /* AppDelegate.swift */ = {isa = PBXFileReference; lastKnownFileType = sourcecode.swift; path = AppDelegate.swift; sourceTree = "<group>"; };
		86AF9D752314F5B60062A59E /* ViewController.swift */ = {isa = PBXFileReference; lastKnownFileType = sourcecode.swift; path = ViewController.swift; sourceTree = "<group>"; };
		86AF9D782314F5B60062A59E /* Base */ = {isa = PBXFileReference; lastKnownFileType = file.storyboard; name = Base; path = Base.lproj/Main.storyboard; sourceTree = "<group>"; };
		86AF9D7A2314F5B60062A59E /* Assets.xcassets */ = {isa = PBXFileReference; lastKnownFileType = folder.assetcatalog; path = Assets.xcassets; sourceTree = "<group>"; };
		86AF9D7D2314F5B60062A59E /* Base */ = {isa = PBXFileReference; lastKnownFileType = file.storyboard; name = Base; path = Base.lproj/LaunchScreen.storyboard; sourceTree = "<group>"; };
		86AF9D7F2314F5B60062A59E /* Info.plist */ = {isa = PBXFileReference; lastKnownFileType = text.plist.xml; path = Info.plist; sourceTree = "<group>"; };
		86AF9D842314F5B70062A59E /* Test-4-1Tests.xctest */ = {isa = PBXFileReference; explicitFileType = wrapper.cfbundle; includeInIndex = 0; path = "Test-4-1Tests.xctest"; sourceTree = BUILT_PRODUCTS_DIR; };
		86AF9D882314F5B70062A59E /* Test_4_1Tests.swift */ = {isa = PBXFileReference; lastKnownFileType = sourcecode.swift; path = Test_4_1Tests.swift; sourceTree = "<group>"; };
		86AF9D8A2314F5B70062A59E /* Info.plist */ = {isa = PBXFileReference; lastKnownFileType = text.plist.xml; path = Info.plist; sourceTree = "<group>"; };
		86AF9D8F2314F5B70062A59E /* Test-4-1UITests.xctest */ = {isa = PBXFileReference; explicitFileType = wrapper.cfbundle; includeInIndex = 0; path = "Test-4-1UITests.xctest"; sourceTree = BUILT_PRODUCTS_DIR; };
		86AF9D932314F5B70062A59E /* Test_4_1UITests.swift */ = {isa = PBXFileReference; lastKnownFileType = sourcecode.swift; path = Test_4_1UITests.swift; sourceTree = "<group>"; };
		86AF9D952314F5B70062A59E /* Info.plist */ = {isa = PBXFileReference; lastKnownFileType = text.plist.xml; path = Info.plist; sourceTree = "<group>"; };
		86AF9DA12314F63D0062A59E /* TopViewController.swift */ = {isa = PBXFileReference; lastKnownFileType = sourcecode.swift; path = TopViewController.swift; sourceTree = "<group>"; };
		86AF9DA22314F63D0062A59E /* TopViewController.xib */ = {isa = PBXFileReference; lastKnownFileType = file.xib; path = TopViewController.xib; sourceTree = "<group>"; };
		86AF9DA52314F66E0062A59E /* TopMainView.swift */ = {isa = PBXFileReference; lastKnownFileType = sourcecode.swift; path = TopMainView.swift; sourceTree = "<group>"; };
		86AF9DA62314F66E0062A59E /* TopMainView.xib */ = {isa = PBXFileReference; lastKnownFileType = file.xib; path = TopMainView.xib; sourceTree = "<group>"; };
		86AF9DA92314F6F00062A59E /* TopMainTableViewCell.swift */ = {isa = PBXFileReference; lastKnownFileType = sourcecode.swift; path = TopMainTableViewCell.swift; sourceTree = "<group>"; };
		86AF9DAA2314F6F00062A59E /* TopMainTableViewCell.xib */ = {isa = PBXFileReference; lastKnownFileType = file.xib; path = TopMainTableViewCell.xib; sourceTree = "<group>"; };
		BCF2633F8AC4324BADEA2B1E /* Pods-Test-4-1.release.xcconfig */ = {isa = PBXFileReference; includeInIndex = 1; lastKnownFileType = text.xcconfig; name = "Pods-Test-4-1.release.xcconfig"; path = "Target Support Files/Pods-Test-4-1/Pods-Test-4-1.release.xcconfig"; sourceTree = "<group>"; };
		C0DF396B7C07A65E479B289A /* Pods_Test_4_1.framework */ = {isa = PBXFileReference; explicitFileType = wrapper.framework; includeInIndex = 0; path = Pods_Test_4_1.framework; sourceTree = BUILT_PRODUCTS_DIR; };
/* End PBXFileReference section */

/* Begin PBXFrameworksBuildPhase section */
		86AF9D6D2314F5B60062A59E /* Frameworks */ = {
			isa = PBXFrameworksBuildPhase;
			buildActionMask = 2147483647;
			files = (
				53B49475A5271F536806B3E6 /* Pods_Test_4_1.framework in Frameworks */,
			);
			runOnlyForDeploymentPostprocessing = 0;
		};
		86AF9D812314F5B70062A59E /* Frameworks */ = {
			isa = PBXFrameworksBuildPhase;
			buildActionMask = 2147483647;
			files = (
				27136E7B428022B7CD066B81 /* Pods_Test_4_1Tests.framework in Frameworks */,
			);
			runOnlyForDeploymentPostprocessing = 0;
		};
		86AF9D8C2314F5B70062A59E /* Frameworks */ = {
			isa = PBXFrameworksBuildPhase;
			buildActionMask = 2147483647;
			files = (
				1E673F240EDA6593513823AF /* Pods_Test_4_1UITests.framework in Frameworks */,
			);
			runOnlyForDeploymentPostprocessing = 0;
		};
/* End PBXFrameworksBuildPhase section */

/* Begin PBXGroup section */
		02830E4F2FF878C06780817F /* Frameworks */ = {
			isa = PBXGroup;
			children = (
				C0DF396B7C07A65E479B289A /* Pods_Test_4_1.framework */,
				68FAADFA11C1C958F8EBA1F0 /* Pods_Test_4_1Tests.framework */,
				3C669913626BE0216FEB554C /* Pods_Test_4_1UITests.framework */,
			);
			name = Frameworks;
			sourceTree = "<group>";
		};
		5D781CCF718BF0FB6FFCE692 /* Pods */ = {
			isa = PBXGroup;
			children = (
				6905AEA0A8612A6EAD65116C /* Pods-Test-4-1.debug.xcconfig */,
				BCF2633F8AC4324BADEA2B1E /* Pods-Test-4-1.release.xcconfig */,
				775BC37552C5B478ABC9B97B /* Pods-Test-4-1Tests.debug.xcconfig */,
				0EED40664DD64F791E8D4A26 /* Pods-Test-4-1Tests.release.xcconfig */,
				59DDBEE2BA771535736099C5 /* Pods-Test-4-1UITests.debug.xcconfig */,
				5AF7904F4AB298B96116CF2B /* Pods-Test-4-1UITests.release.xcconfig */,
			);
			path = Pods;
			sourceTree = "<group>";
		};
		86AF9D672314F5B50062A59E = {
			isa = PBXGroup;
			children = (
				86AF9D722314F5B60062A59E /* Test-4-1 */,
				86AF9D872314F5B70062A59E /* Test-4-1Tests */,
				86AF9D922314F5B70062A59E /* Test-4-1UITests */,
				86AF9D712314F5B60062A59E /* Products */,
				5D781CCF718BF0FB6FFCE692 /* Pods */,
				02830E4F2FF878C06780817F /* Frameworks */,
			);
			sourceTree = "<group>";
		};
		86AF9D712314F5B60062A59E /* Products */ = {
			isa = PBXGroup;
			children = (
				86AF9D702314F5B60062A59E /* Test-4-1.app */,
				86AF9D842314F5B70062A59E /* Test-4-1Tests.xctest */,
				86AF9D8F2314F5B70062A59E /* Test-4-1UITests.xctest */,
			);
			name = Products;
			sourceTree = "<group>";
		};
		86AF9D722314F5B60062A59E /* Test-4-1 */ = {
			isa = PBXGroup;
			children = (
				86AF9D732314F5B60062A59E /* AppDelegate.swift */,
				86AF9D752314F5B60062A59E /* ViewController.swift */,
				86AF9D772314F5B60062A59E /* Main.storyboard */,
				86AF9D7A2314F5B60062A59E /* Assets.xcassets */,
				86AF9D7C2314F5B60062A59E /* LaunchScreen.storyboard */,
				86AF9D7F2314F5B60062A59E /* Info.plist */,
				86AF9DA12314F63D0062A59E /* TopViewController.swift */,
				86AF9DA22314F63D0062A59E /* TopViewController.xib */,
				86AF9DA52314F66E0062A59E /* TopMainView.swift */,
				86AF9DA62314F66E0062A59E /* TopMainView.xib */,
				86AF9DA92314F6F00062A59E /* TopMainTableViewCell.swift */,
				86AF9DAA2314F6F00062A59E /* TopMainTableViewCell.xib */,
			);
			path = "Test-4-1";
			sourceTree = "<group>";
		};
		86AF9D872314F5B70062A59E /* Test-4-1Tests */ = {
			isa = PBXGroup;
			children = (
				86AF9D882314F5B70062A59E /* Test_4_1Tests.swift */,
				86AF9D8A2314F5B70062A59E /* Info.plist */,
			);
			path = "Test-4-1Tests";
			sourceTree = "<group>";
		};
		86AF9D922314F5B70062A59E /* Test-4-1UITests */ = {
			isa = PBXGroup;
			children = (
				86AF9D932314F5B70062A59E /* Test_4_1UITests.swift */,
				86AF9D952314F5B70062A59E /* Info.plist */,
			);
			path = "Test-4-1UITests";
			sourceTree = "<group>";
		};
/* End PBXGroup section */

/* Begin PBXNativeTarget section */
		86AF9D6F2314F5B60062A59E /* Test-4-1 */ = {
			isa = PBXNativeTarget;
			buildConfigurationList = 86AF9D982314F5B70062A59E /* Build configuration list for PBXNativeTarget "Test-4-1" */;
			buildPhases = (
				A34E09951176141EE0CB9ED4 /* [CP] Check Pods Manifest.lock */,
				86AF9D6C2314F5B60062A59E /* Sources */,
				86AF9D6D2314F5B60062A59E /* Frameworks */,
				86AF9D6E2314F5B60062A59E /* Resources */,
				4A817CDDA1C788DBB1899318 /* [CP] Embed Pods Frameworks */,
			);
			buildRules = (
			);
			dependencies = (
			);
			name = "Test-4-1";
			productName = "Test-4-1";
			productReference = 86AF9D702314F5B60062A59E /* Test-4-1.app */;
			productType = "com.apple.product-type.application";
		};
		86AF9D832314F5B70062A59E /* Test-4-1Tests */ = {
			isa = PBXNativeTarget;
			buildConfigurationList = 86AF9D9B2314F5B70062A59E /* Build configuration list for PBXNativeTarget "Test-4-1Tests" */;
			buildPhases = (
				454EBC96D4323A225C9DF3F9 /* [CP] Check Pods Manifest.lock */,
				86AF9D802314F5B70062A59E /* Sources */,
				86AF9D812314F5B70062A59E /* Frameworks */,
				86AF9D822314F5B70062A59E /* Resources */,
			);
			buildRules = (
			);
			dependencies = (
				86AF9D862314F5B70062A59E /* PBXTargetDependency */,
			);
			name = "Test-4-1Tests";
			productName = "Test-4-1Tests";
			productReference = 86AF9D842314F5B70062A59E /* Test-4-1Tests.xctest */;
			productType = "com.apple.product-type.bundle.unit-test";
		};
		86AF9D8E2314F5B70062A59E /* Test-4-1UITests */ = {
			isa = PBXNativeTarget;
			buildConfigurationList = 86AF9D9E2314F5B70062A59E /* Build configuration list for PBXNativeTarget "Test-4-1UITests" */;
			buildPhases = (
				46D9D921EDD461E93A549552 /* [CP] Check Pods Manifest.lock */,
				86AF9D8B2314F5B70062A59E /* Sources */,
				86AF9D8C2314F5B70062A59E /* Frameworks */,
				86AF9D8D2314F5B70062A59E /* Resources */,
			);
			buildRules = (
			);
			dependencies = (
				86AF9D912314F5B70062A59E /* PBXTargetDependency */,
			);
			name = "Test-4-1UITests";
			productName = "Test-4-1UITests";
			productReference = 86AF9D8F2314F5B70062A59E /* Test-4-1UITests.xctest */;
			productType = "com.apple.product-type.bundle.ui-testing";
		};
/* End PBXNativeTarget section */

/* Begin PBXProject section */
		86AF9D682314F5B50062A59E /* Project object */ = {
			isa = PBXProject;
			attributes = {
				LastSwiftUpdateCheck = 1030;
				LastUpgradeCheck = 1030;
				ORGANIZATIONNAME = "多可楽";
				TargetAttributes = {
					86AF9D6F2314F5B60062A59E = {
						CreatedOnToolsVersion = 10.3;
					};
					86AF9D832314F5B70062A59E = {
						CreatedOnToolsVersion = 10.3;
						TestTargetID = 86AF9D6F2314F5B60062A59E;
					};
					86AF9D8E2314F5B70062A59E = {
						CreatedOnToolsVersion = 10.3;
						TestTargetID = 86AF9D6F2314F5B60062A59E;
					};
				};
			};
			buildConfigurationList = 86AF9D6B2314F5B50062A59E /* Build configuration list for PBXProject "Test-4-1" */;
			compatibilityVersion = "Xcode 9.3";
			developmentRegion = en;
			hasScannedForEncodings = 0;
			knownRegions = (
				en,
				Base,
			);
			mainGroup = 86AF9D672314F5B50062A59E;
			productRefGroup = 86AF9D712314F5B60062A59E /* Products */;
			projectDirPath = "";
			projectRoot = "";
			targets = (
				86AF9D6F2314F5B60062A59E /* Test-4-1 */,
				86AF9D832314F5B70062A59E /* Test-4-1Tests */,
				86AF9D8E2314F5B70062A59E /* Test-4-1UITests */,
			);
		};
/* End PBXProject section */

/* Begin PBXResourcesBuildPhase section */
		86AF9D6E2314F5B60062A59E /* Resources */ = {
			isa = PBXResourcesBuildPhase;
			buildActionMask = 2147483647;
			files = (
				86AF9DA82314F66E0062A59E /* TopMainView.xib in Resources */,
				86AF9DA42314F63D0062A59E /* TopViewController.xib in Resources */,
				86AF9D7E2314F5B60062A59E /* LaunchScreen.storyboard in Resources */,
				86AF9D7B2314F5B60062A59E /* Assets.xcassets in Resources */,
				86AF9DAC2314F6F00062A59E /* TopMainTableViewCell.xib in Resources */,
				86AF9D792314F5B60062A59E /* Main.storyboard in Resources */,
			);
			runOnlyForDeploymentPostprocessing = 0;
		};
		86AF9D822314F5B70062A59E /* Resources */ = {
			isa = PBXResourcesBuildPhase;
			buildActionMask = 2147483647;
			files = (
			);
			runOnlyForDeploymentPostprocessing = 0;
		};
		86AF9D8D2314F5B70062A59E /* Resources */ = {
			isa = PBXResourcesBuildPhase;
			buildActionMask = 2147483647;
			files = (
			);
			runOnlyForDeploymentPostprocessing = 0;
		};
/* End PBXResourcesBuildPhase section */

/* Begin PBXShellScriptBuildPhase section */
		454EBC96D4323A225C9DF3F9 /* [CP] Check Pods Manifest.lock */ = {
			isa = PBXShellScriptBuildPhase;
			buildActionMask = 2147483647;
			files = (
			);
			inputFileListPaths = (
			);
			inputPaths = (
				"${PODS_PODFILE_DIR_PATH}/Podfile.lock",
				"${PODS_ROOT}/Manifest.lock",
			);
			name = "[CP] Check Pods Manifest.lock";
			outputFileListPaths = (
			);
			outputPaths = (
				"$(DERIVED_FILE_DIR)/Pods-Test-4-1Tests-checkManifestLockResult.txt",
			);
			runOnlyForDeploymentPostprocessing = 0;
			shellPath = /bin/sh;
			shellScript = "diff \"${PODS_PODFILE_DIR_PATH}/Podfile.lock\" \"${PODS_ROOT}/Manifest.lock\" > /dev/null\nif [ $? != 0 ] ; then\n    # print error to STDERR\n    echo \"error: The sandbox is not in sync with the Podfile.lock. Run 'pod install' or update your CocoaPods installation.\" >&2\n    exit 1\nfi\n# This output is used by Xcode 'outputs' to avoid re-running this script phase.\necho \"SUCCESS\" > \"${SCRIPT_OUTPUT_FILE_0}\"\n";
			showEnvVarsInLog = 0;
		};
		46D9D921EDD461E93A549552 /* [CP] Check Pods Manifest.lock */ = {
			isa = PBXShellScriptBuildPhase;
			buildActionMask = 2147483647;
			files = (
			);
			inputFileListPaths = (
			);
			inputPaths = (
				"${PODS_PODFILE_DIR_PATH}/Podfile.lock",
				"${PODS_ROOT}/Manifest.lock",
			);
			name = "[CP] Check Pods Manifest.lock";
			outputFileListPaths = (
			);
			outputPaths = (
				"$(DERIVED_FILE_DIR)/Pods-Test-4-1UITests-checkManifestLockResult.txt",
			);
			runOnlyForDeploymentPostprocessing = 0;
			shellPath = /bin/sh;
			shellScript = "diff \"${PODS_PODFILE_DIR_PATH}/Podfile.lock\" \"${PODS_ROOT}/Manifest.lock\" > /dev/null\nif [ $? != 0 ] ; then\n    # print error to STDERR\n    echo \"error: The sandbox is not in sync with the Podfile.lock. Run 'pod install' or update your CocoaPods installation.\" >&2\n    exit 1\nfi\n# This output is used by Xcode 'outputs' to avoid re-running this script phase.\necho \"SUCCESS\" > \"${SCRIPT_OUTPUT_FILE_0}\"\n";
			showEnvVarsInLog = 0;
		};
		4A817CDDA1C788DBB1899318 /* [CP] Embed Pods Frameworks */ = {
			isa = PBXShellScriptBuildPhase;
			buildActionMask = 2147483647;
			files = (
			);
			inputFileListPaths = (
				"${PODS_ROOT}/Target Support Files/Pods-Test-4-1/Pods-Test-4-1-frameworks-${CONFIGURATION}-input-files.xcfilelist",
			);
			name = "[CP] Embed Pods Frameworks";
			outputFileListPaths = (
				"${PODS_ROOT}/Target Support Files/Pods-Test-4-1/Pods-Test-4-1-frameworks-${CONFIGURATION}-output-files.xcfilelist",
			);
			runOnlyForDeploymentPostprocessing = 0;
			shellPath = /bin/sh;
			shellScript = "\"${PODS_ROOT}/Target Support Files/Pods-Test-4-1/Pods-Test-4-1-frameworks.sh\"\n";
			showEnvVarsInLog = 0;
		};
		A34E09951176141EE0CB9ED4 /* [CP] Check Pods Manifest.lock */ = {
			isa = PBXShellScriptBuildPhase;
			buildActionMask = 2147483647;
			files = (
			);
			inputFileListPaths = (
			);
			inputPaths = (
				"${PODS_PODFILE_DIR_PATH}/Podfile.lock",
				"${PODS_ROOT}/Manifest.lock",
			);
			name = "[CP] Check Pods Manifest.lock";
			outputFileListPaths = (
			);
			outputPaths = (
				"$(DERIVED_FILE_DIR)/Pods-Test-4-1-checkManifestLockResult.txt",
			);
			runOnlyForDeploymentPostprocessing = 0;
			shellPath = /bin/sh;
			shellScript = "diff \"${PODS_PODFILE_DIR_PATH}/Podfile.lock\" \"${PODS_ROOT}/Manifest.lock\" > /dev/null\nif [ $? != 0 ] ; then\n    # print error to STDERR\n    echo \"error: The sandbox is not in sync with the Podfile.lock. Run 'pod install' or update your CocoaPods installation.\" >&2\n    exit 1\nfi\n# This output is used by Xcode 'outputs' to avoid re-running this script phase.\necho \"SUCCESS\" > \"${SCRIPT_OUTPUT_FILE_0}\"\n";
			showEnvVarsInLog = 0;
		};
/* End PBXShellScriptBuildPhase section */

/* Begin PBXSourcesBuildPhase section */
		86AF9D6C2314F5B60062A59E /* Sources */ = {
			isa = PBXSourcesBuildPhase;
			buildActionMask = 2147483647;
			files = (
				86AF9DAB2314F6F00062A59E /* TopMainTableViewCell.swift in Sources */,
				86AF9DA32314F63D0062A59E /* TopViewController.swift in Sources */,
				86AF9D762314F5B60062A59E /* ViewController.swift in Sources */,
				86AF9D742314F5B60062A59E /* AppDelegate.swift in Sources */,
				86AF9DA72314F66E0062A59E /* TopMainView.swift in Sources */,
			);
			runOnlyForDeploymentPostprocessing = 0;
		};
		86AF9D802314F5B70062A59E /* Sources */ = {
			isa = PBXSourcesBuildPhase;
			buildActionMask = 2147483647;
			files = (
				86AF9D892314F5B70062A59E /* Test_4_1Tests.swift in Sources */,
			);
			runOnlyForDeploymentPostprocessing = 0;
		};
		86AF9D8B2314F5B70062A59E /* Sources */ = {
			isa = PBXSourcesBuildPhase;
			buildActionMask = 2147483647;
			files = (
				86AF9D942314F5B70062A59E /* Test_4_1UITests.swift in Sources */,
			);
			runOnlyForDeploymentPostprocessing = 0;
		};
/* End PBXSourcesBuildPhase section */

/* Begin PBXTargetDependency section */
		86AF9D862314F5B70062A59E /* PBXTargetDependency */ = {
			isa = PBXTargetDependency;
			target = 86AF9D6F2314F5B60062A59E /* Test-4-1 */;
			targetProxy = 86AF9D852314F5B70062A59E /* PBXContainerItemProxy */;
		};
		86AF9D912314F5B70062A59E /* PBXTargetDependency */ = {
			isa = PBXTargetDependency;
			target = 86AF9D6F2314F5B60062A59E /* Test-4-1 */;
			targetProxy = 86AF9D902314F5B70062A59E /* PBXContainerItemProxy */;
		};
/* End PBXTargetDependency section */

/* Begin PBXVariantGroup section */
		86AF9D772314F5B60062A59E /* Main.storyboard */ = {
			isa = PBXVariantGroup;
			children = (
				86AF9D782314F5B60062A59E /* Base */,
			);
			name = Main.storyboard;
			sourceTree = "<group>";
		};
		86AF9D7C2314F5B60062A59E /* LaunchScreen.storyboard */ = {
			isa = PBXVariantGroup;
			children = (
				86AF9D7D2314F5B60062A59E /* Base */,
			);
			name = LaunchScreen.storyboard;
			sourceTree = "<group>";
		};
/* End PBXVariantGroup section */

/* Begin XCBuildConfiguration section */
		86AF9D962314F5B70062A59E /* Debug */ = {
			isa = XCBuildConfiguration;
			buildSettings = {
				ALWAYS_SEARCH_USER_PATHS = NO;
				CLANG_ANALYZER_NONNULL = YES;
				CLANG_ANALYZER_NUMBER_OBJECT_CONVERSION = YES_AGGRESSIVE;
				CLANG_CXX_LANGUAGE_STANDARD = "gnu++14";
				CLANG_CXX_LIBRARY = "libc++";
				CLANG_ENABLE_MODULES = YES;
				CLANG_ENABLE_OBJC_ARC = YES;
				CLANG_ENABLE_OBJC_WEAK = YES;
				CLANG_WARN_BLOCK_CAPTURE_AUTORELEASING = YES;
				CLANG_WARN_BOOL_CONVERSION = YES;
				CLANG_WARN_COMMA = YES;
				CLANG_WARN_CONSTANT_CONVERSION = YES;
				CLANG_WARN_DEPRECATED_OBJC_IMPLEMENTATIONS = YES;
				CLANG_WARN_DIRECT_OBJC_ISA_USAGE = YES_ERROR;
				CLANG_WARN_DOCUMENTATION_COMMENTS = YES;
				CLANG_WARN_EMPTY_BODY = YES;
				CLANG_WARN_ENUM_CONVERSION = YES;
				CLANG_WARN_INFINITE_RECURSION = YES;
				CLANG_WARN_INT_CONVERSION = YES;
				CLANG_WARN_NON_LITERAL_NULL_CONVERSION = YES;
				CLANG_WARN_OBJC_IMPLICIT_RETAIN_SELF = YES;
				CLANG_WARN_OBJC_LITERAL_CONVERSION = YES;
				CLANG_WARN_OBJC_ROOT_CLASS = YES_ERROR;
				CLANG_WARN_RANGE_LOOP_ANALYSIS = YES;
				CLANG_WARN_STRICT_PROTOTYPES = YES;
				CLANG_WARN_SUSPICIOUS_MOVE = YES;
				CLANG_WARN_UNGUARDED_AVAILABILITY = YES_AGGRESSIVE;
				CLANG_WARN_UNREACHABLE_CODE = YES;
				CLANG_WARN__DUPLICATE_METHOD_MATCH = YES;
				CODE_SIGN_IDENTITY = "iPhone Developer";
				COPY_PHASE_STRIP = NO;
				DEBUG_INFORMATION_FORMAT = dwarf;
				ENABLE_STRICT_OBJC_MSGSEND = YES;
				ENABLE_TESTABILITY = YES;
				GCC_C_LANGUAGE_STANDARD = gnu11;
				GCC_DYNAMIC_NO_PIC = NO;
				GCC_NO_COMMON_BLOCKS = YES;
				GCC_OPTIMIZATION_LEVEL = 0;
				GCC_PREPROCESSOR_DEFINITIONS = (
					"DEBUG=1",
					"$(inherited)",
				);
				GCC_WARN_64_TO_32_BIT_CONVERSION = YES;
				GCC_WARN_ABOUT_RETURN_TYPE = YES_ERROR;
				GCC_WARN_UNDECLARED_SELECTOR = YES;
				GCC_WARN_UNINITIALIZED_AUTOS = YES_AGGRESSIVE;
				GCC_WARN_UNUSED_FUNCTION = YES;
				GCC_WARN_UNUSED_VARIABLE = YES;
				IPHONEOS_DEPLOYMENT_TARGET = 12.4;
				MTL_ENABLE_DEBUG_INFO = INCLUDE_SOURCE;
				MTL_FAST_MATH = YES;
				ONLY_ACTIVE_ARCH = YES;
				SDKROOT = iphoneos;
				SWIFT_ACTIVE_COMPILATION_CONDITIONS = DEBUG;
				SWIFT_OPTIMIZATION_LEVEL = "-Onone";
			};
			name = Debug;
		};
		86AF9D972314F5B70062A59E /* Release */ = {
			isa = XCBuildConfiguration;
			buildSettings = {
				ALWAYS_SEARCH_USER_PATHS = NO;
				CLANG_ANALYZER_NONNULL = YES;
				CLANG_ANALYZER_NUMBER_OBJECT_CONVERSION = YES_AGGRESSIVE;
				CLANG_CXX_LANGUAGE_STANDARD = "gnu++14";
				CLANG_CXX_LIBRARY = "libc++";
				CLANG_ENABLE_MODULES = YES;
				CLANG_ENABLE_OBJC_ARC = YES;
				CLANG_ENABLE_OBJC_WEAK = YES;
				CLANG_WARN_BLOCK_CAPTURE_AUTORELEASING = YES;
				CLANG_WARN_BOOL_CONVERSION = YES;
				CLANG_WARN_COMMA = YES;
				CLANG_WARN_CONSTANT_CONVERSION = YES;
				CLANG_WARN_DEPRECATED_OBJC_IMPLEMENTATIONS = YES;
				CLANG_WARN_DIRECT_OBJC_ISA_USAGE = YES_ERROR;
				CLANG_WARN_DOCUMENTATION_COMMENTS = YES;
				CLANG_WARN_EMPTY_BODY = YES;
				CLANG_WARN_ENUM_CONVERSION = YES;
				CLANG_WARN_INFINITE_RECURSION = YES;
				CLANG_WARN_INT_CONVERSION = YES;
				CLANG_WARN_NON_LITERAL_NULL_CONVERSION = YES;
				CLANG_WARN_OBJC_IMPLICIT_RETAIN_SELF = YES;
				CLANG_WARN_OBJC_LITERAL_CONVERSION = YES;
				CLANG_WARN_OBJC_ROOT_CLASS = YES_ERROR;
				CLANG_WARN_RANGE_LOOP_ANALYSIS = YES;
				CLANG_WARN_STRICT_PROTOTYPES = YES;
				CLANG_WARN_SUSPICIOUS_MOVE = YES;
				CLANG_WARN_UNGUARDED_AVAILABILITY = YES_AGGRESSIVE;
				CLANG_WARN_UNREACHABLE_CODE = YES;
				CLANG_WARN__DUPLICATE_METHOD_MATCH = YES;
				CODE_SIGN_IDENTITY = "iPhone Developer";
				COPY_PHASE_STRIP = NO;
				DEBUG_INFORMATION_FORMAT = "dwarf-with-dsym";
				ENABLE_NS_ASSERTIONS = NO;
				ENABLE_STRICT_OBJC_MSGSEND = YES;
				GCC_C_LANGUAGE_STANDARD = gnu11;
				GCC_NO_COMMON_BLOCKS = YES;
				GCC_WARN_64_TO_32_BIT_CONVERSION = YES;
				GCC_WARN_ABOUT_RETURN_TYPE = YES_ERROR;
				GCC_WARN_UNDECLARED_SELECTOR = YES;
				GCC_WARN_UNINITIALIZED_AUTOS = YES_AGGRESSIVE;
				GCC_WARN_UNUSED_FUNCTION = YES;
				GCC_WARN_UNUSED_VARIABLE = YES;
				IPHONEOS_DEPLOYMENT_TARGET = 12.4;
				MTL_ENABLE_DEBUG_INFO = NO;
				MTL_FAST_MATH = YES;
				SDKROOT = iphoneos;
				SWIFT_COMPILATION_MODE = wholemodule;
				SWIFT_OPTIMIZATION_LEVEL = "-O";
				VALIDATE_PRODUCT = YES;
			};
			name = Release;
		};
		86AF9D992314F5B70062A59E /* Debug */ = {
			isa = XCBuildConfiguration;
			baseConfigurationReference = 6905AEA0A8612A6EAD65116C /* Pods-Test-4-1.debug.xcconfig */;
			buildSettings = {
				ASSETCATALOG_COMPILER_APPICON_NAME = AppIcon;
				CODE_SIGN_STYLE = Automatic;
				INFOPLIST_FILE = "Test-4-1/Info.plist";
				LD_RUNPATH_SEARCH_PATHS = (
					"$(inherited)",
					"@executable_path/Frameworks",
				);
				PRODUCT_BUNDLE_IDENTIFIER = "aaaa.Test-4-1";
				PRODUCT_NAME = "$(TARGET_NAME)";
				SWIFT_VERSION = 5.0;
				TARGETED_DEVICE_FAMILY = "1,2";
			};
			name = Debug;
		};
		86AF9D9A2314F5B70062A59E /* Release */ = {
			isa = XCBuildConfiguration;
			baseConfigurationReference = BCF2633F8AC4324BADEA2B1E /* Pods-Test-4-1.release.xcconfig */;
			buildSettings = {
				ASSETCATALOG_COMPILER_APPICON_NAME = AppIcon;
				CODE_SIGN_STYLE = Automatic;
				INFOPLIST_FILE = "Test-4-1/Info.plist";
				LD_RUNPATH_SEARCH_PATHS = (
					"$(inherited)",
					"@executable_path/Frameworks",
				);
				PRODUCT_BUNDLE_IDENTIFIER = "aaaa.Test-4-1";
				PRODUCT_NAME = "$(TARGET_NAME)";
				SWIFT_VERSION = 5.0;
				TARGETED_DEVICE_FAMILY = "1,2";
			};
			name = Release;
		};
		86AF9D9C2314F5B70062A59E /* Debug */ = {
			isa = XCBuildConfiguration;
			baseConfigurationReference = 775BC37552C5B478ABC9B97B /* Pods-Test-4-1Tests.debug.xcconfig */;
			buildSettings = {
				ALWAYS_EMBED_SWIFT_STANDARD_LIBRARIES = YES;
				BUNDLE_LOADER = "$(TEST_HOST)";
				CODE_SIGN_STYLE = Automatic;
				INFOPLIST_FILE = "Test-4-1Tests/Info.plist";
				LD_RUNPATH_SEARCH_PATHS = (
					"$(inherited)",
					"@executable_path/Frameworks",
					"@loader_path/Frameworks",
				);
				PRODUCT_BUNDLE_IDENTIFIER = "aaaa.Test-4-1Tests";
				PRODUCT_NAME = "$(TARGET_NAME)";
				SWIFT_VERSION = 5.0;
				TARGETED_DEVICE_FAMILY = "1,2";
				TEST_HOST = "$(BUILT_PRODUCTS_DIR)/Test-4-1.app/Test-4-1";
			};
			name = Debug;
		};
		86AF9D9D2314F5B70062A59E /* Release */ = {
			isa = XCBuildConfiguration;
			baseConfigurationReference = 0EED40664DD64F791E8D4A26 /* Pods-Test-4-1Tests.release.xcconfig */;
			buildSettings = {
				ALWAYS_EMBED_SWIFT_STANDARD_LIBRARIES = YES;
				BUNDLE_LOADER = "$(TEST_HOST)";
				CODE_SIGN_STYLE = Automatic;
				INFOPLIST_FILE = "Test-4-1Tests/Info.plist";
				LD_RUNPATH_SEARCH_PATHS = (
					"$(inherited)",
					"@executable_path/Frameworks",
					"@loader_path/Frameworks",
				);
				PRODUCT_BUNDLE_IDENTIFIER = "aaaa.Test-4-1Tests";
				PRODUCT_NAME = "$(TARGET_NAME)";
				SWIFT_VERSION = 5.0;
				TARGETED_DEVICE_FAMILY = "1,2";
				TEST_HOST = "$(BUILT_PRODUCTS_DIR)/Test-4-1.app/Test-4-1";
			};
			name = Release;
		};
		86AF9D9F2314F5B70062A59E /* Debug */ = {
			isa = XCBuildConfiguration;
			baseConfigurationReference = 59DDBEE2BA771535736099C5 /* Pods-Test-4-1UITests.debug.xcconfig */;
			buildSettings = {
				ALWAYS_EMBED_SWIFT_STANDARD_LIBRARIES = YES;
				CODE_SIGN_STYLE = Automatic;
				INFOPLIST_FILE = "Test-4-1UITests/Info.plist";
				LD_RUNPATH_SEARCH_PATHS = (
					"$(inherited)",
					"@executable_path/Frameworks",
					"@loader_path/Frameworks",
				);
				PRODUCT_BUNDLE_IDENTIFIER = "aaaa.Test-4-1UITests";
				PRODUCT_NAME = "$(TARGET_NAME)";
				SWIFT_VERSION = 5.0;
				TARGETED_DEVICE_FAMILY = "1,2";
				TEST_TARGET_NAME = "Test-4-1";
			};
			name = Debug;
		};
		86AF9DA02314F5B70062A59E /* Release */ = {
			isa = XCBuildConfiguration;
			baseConfigurationReference = 5AF7904F4AB298B96116CF2B /* Pods-Test-4-1UITests.release.xcconfig */;
			buildSettings = {
				ALWAYS_EMBED_SWIFT_STANDARD_LIBRARIES = YES;
				CODE_SIGN_STYLE = Automatic;
				INFOPLIST_FILE = "Test-4-1UITests/Info.plist";
				LD_RUNPATH_SEARCH_PATHS = (
					"$(inherited)",
					"@executable_path/Frameworks",
					"@loader_path/Frameworks",
				);
				PRODUCT_BUNDLE_IDENTIFIER = "aaaa.Test-4-1UITests";
				PRODUCT_NAME = "$(TARGET_NAME)";
				SWIFT_VERSION = 5.0;
				TARGETED_DEVICE_FAMILY = "1,2";
				TEST_TARGET_NAME = "Test-4-1";
			};
			name = Release;
		};
/* End XCBuildConfiguration section */

/* Begin XCConfigurationList section */
		86AF9D6B2314F5B50062A59E /* Build configuration list for PBXProject "Test-4-1" */ = {
			isa = XCConfigurationList;
			buildConfigurations = (
				86AF9D962314F5B70062A59E /* Debug */,
				86AF9D972314F5B70062A59E /* Release */,
			);
			defaultConfigurationIsVisible = 0;
			defaultConfigurationName = Release;
		};
		86AF9D982314F5B70062A59E /* Build configuration list for PBXNativeTarget "Test-4-1" */ = {
			isa = XCConfigurationList;
			buildConfigurations = (
				86AF9D992314F5B70062A59E /* Debug */,
				86AF9D9A2314F5B70062A59E /* Release */,
			);
			defaultConfigurationIsVisible = 0;
			defaultConfigurationName = Release;
		};
		86AF9D9B2314F5B70062A59E /* Build configuration list for PBXNativeTarget "Test-4-1Tests" */ = {
			isa = XCConfigurationList;
			buildConfigurations = (
				86AF9D9C2314F5B70062A59E /* Debug */,
				86AF9D9D2314F5B70062A59E /* Release */,
			);
			defaultConfigurationIsVisible = 0;
			defaultConfigurationName = Release;
		};
		86AF9D9E2314F5B70062A59E /* Build configuration list for PBXNativeTarget "Test-4-1UITests" */ = {
			isa = XCConfigurationList;
			buildConfigurations = (
				86AF9D9F2314F5B70062A59E /* Debug */,
				86AF9DA02314F5B70062A59E /* Release */,
			);
			defaultConfigurationIsVisible = 0;
			defaultConfigurationName = Release;
		};
/* End XCConfigurationList section */
	};
	rootObject = 86AF9D682314F5B50062A59E /* Project object */;
}
